# THIS IS AN AUTOGENERATED FILE. DO NOT EDIT THIS FILE DIRECTLY.
# yarn lockfile v1


"@adobe/css-tools@^4.4.0":
  version "4.4.3"
  resolved "https://registry.yarnpkg.com/@adobe/css-tools/-/css-tools-4.4.3.tgz#beebbefb0264fdeb32d3052acae0e0d94315a9a2"
  integrity sha512-VQKMkwriZbaOgVCby1UDY/LDk5fIjhQicCvVPFqfe+69fWaPWydbWJ3wRt59/YzIwda1I81loas3oCoHxnqvdA==

"@babel/code-frame@^7.10.4":
  version "7.27.1"
  resolved "https://registry.yarnpkg.com/@babel/code-frame/-/code-frame-7.27.1.tgz#200f715e66d52a23b221a9435534a91cc13ad5be"
  integrity sha512-cjQ7ZlQ0Mv3b47hABuTevyTuYN4i+loJKGeV9flcCgIK37cCXRh+L1bd3iBHlynerhQ7BhCkn2BPbQUL+rGqFg==
  dependencies:
    "@babel/helper-validator-identifier" "^7.27.1"
    js-tokens "^4.0.0"
    picocolors "^1.1.1"

"@babel/helper-validator-identifier@^7.27.1":
  version "7.27.1"
  resolved "https://registry.yarnpkg.com/@babel/helper-validator-identifier/-/helper-validator-identifier-7.27.1.tgz#a7054dcc145a967dd4dc8fee845a57c1316c9df8"
  integrity sha512-D2hP9eA+Sqx1kBZgzxZh0y1trbuU+JoDkiEwqhQ36nodYqJwyEIhPSdMNd7lOm/4io72luTPWH20Yda0xOuUow==

"@babel/runtime@^7.1.2", "@babel/runtime@^7.10.2", "@babel/runtime@^7.12.5", "@babel/runtime@^7.23.2", "@babel/runtime@^7.29.2", "@babel/runtime@^7.5.5", "@babel/runtime@^7.8.7":
  version "7.29.2"
  resolved "https://registry.yarnpkg.com/@babel/runtime/-/runtime-7.29.2.tgz#9a6e2d05f4b6692e1801cd4fb176ad823930ed5e"
  integrity sha512-JiDShH45zKHWyGe4ZNVRrCjBz8Nh9TMmZG1kh4QTK8hCBTWBi8Da+i7s1fJw7/lYpM4ccepSNfqzZ/QvABBi5g==

"@emnapi/core@^1.7.1":
  version "1.9.0"
  resolved "https://registry.yarnpkg.com/@emnapi/core/-/core-1.9.0.tgz#4a54213b208fcf288cce25076c74e0f7613e6100"
  integrity sha512-0DQ98G9ZQZOxfUcQn1waV2yS8aWdZ6kJMbYCJB3oUBecjWYO1fqJ+a1DRfPF3O5JEkwqwP1A9QEN/9mYm2Yd0w==
  dependencies:
    "@emnapi/wasi-threads" "1.2.0"
    tslib "^2.4.0"

"@emnapi/runtime@^1.7.1":
  version "1.9.0"
  resolved "https://registry.yarnpkg.com/@emnapi/runtime/-/runtime-1.9.0.tgz#91c54a6e77c36154c125e873409472e2b70efd5b"
  integrity sha512-QN75eB0IH2ywSpRpNddCRfQIhmJYBCJ1x5Lb3IscKAL8bMnVAKnRg8dCoXbHzVLLH7P38N2Z3mtulB7W0J0FKw==
  dependencies:
    tslib "^2.4.0"

"@emnapi/wasi-threads@1.2.0":
  version "1.2.0"
  resolved "https://registry.yarnpkg.com/@emnapi/wasi-threads/-/wasi-threads-1.2.0.tgz#a19d9772cc3d195370bf6e2a805eec40aa75e18e"
  integrity sha512-N10dEJNSsUx41Z6pZsXU8FjPjpBEplgH24sfkmITrBED1/U2Esum9F3lfLrMjKHHjmi557zQn7kR9R+XWXu5Rg==
  dependencies:
    tslib "^2.4.0"

"@emotion/hash@^0.7.1":
  version "0.7.4"
  resolved "https://registry.yarnpkg.com/@emotion/hash/-/hash-0.7.4.tgz#f14932887422c9056b15a8d222a9074a7dfa2831"
  integrity sha512-fxfMSBMX3tlIbKUdtGKxqB1fyrH6gVrX39Gsv3y8lRYKUqlgDt3UMqQyGnR1bQMa2B8aGnhLZokZgg8vT0Le+A==

"@napi-rs/wasm-runtime@^1.1.1":
  version "1.1.1"
  resolved "https://registry.yarnpkg.com/@napi-rs/wasm-runtime/-/wasm-runtime-1.1.1.tgz#c3705ab549d176b8dc5172723d6156c3dc426af2"
  integrity sha512-p64ah1M1ld8xjWv3qbvFwHiFVWrq1yFvV4f7w+mzaqiR4IlSgkqhcRdHwsGgomwzBH51sRY4NEowLxnaBjcW/A==
  dependencies:
    "@emnapi/core" "^1.7.1"
    "@emnapi/runtime" "^1.7.1"
    "@tybys/wasm-util" "^0.10.1"

"@oxc-project/types@=0.122.0":
  version "0.122.0"
  resolved "https://registry.yarnpkg.com/@oxc-project/types/-/types-0.122.0.tgz#2f4e77a3b183c87b2a326affd703ef71ba836601"
  integrity sha512-oLAl5kBpV4w69UtFZ9xqcmTi+GENWOcPF7FCrczTiBbmC0ibXxCwyvZGbO39rCVEuLGAZM84DH0pUIyyv/YJzA==

"@rolldown/binding-android-arm64@1.0.0-rc.11":
  version "1.0.0-rc.11"
  resolved "https://registry.yarnpkg.com/@rolldown/binding-android-arm64/-/binding-android-arm64-1.0.0-rc.11.tgz#25a584227ed97239fd564451c0db2c359751b42a"
  integrity sha512-SJ+/g+xNnOh6NqYxD0V3uVN4W3VfnrGsC9/hoglicgTNfABFG9JjISvkkU0dNY84MNHLWyOgxP9v9Y9pX4S7+A==

"@rolldown/binding-darwin-arm64@1.0.0-rc.11":
  version "1.0.0-rc.11"
  resolved "https://registry.yarnpkg.com/@rolldown/binding-darwin-arm64/-/binding-darwin-arm64-1.0.0-rc.11.tgz#dcfa96c4d8c7baa47f5b90294ce8ebf1b0b1dbf9"
  integrity sha512-7WQgR8SfOPwmDZGFkThUvsmd/nwAWv91oCO4I5LS7RKrssPZmOt7jONN0cW17ydGC1n/+puol1IpoieKqQidmg==

"@rolldown/binding-darwin-x64@1.0.0-rc.11":
  version "1.0.0-rc.11"
  resolved "https://registry.yarnpkg.com/@rolldown/binding-darwin-x64/-/binding-darwin-x64-1.0.0-rc.11.tgz#6e751ea2067cacee0c94f0e8b087761dde62f9ea"
  integrity sha512-39Ks6UvIHq4rEogIfQBoBRusj0Q0nPVWIvqmwBLaT6aqQGIakHdESBVOPRRLacy4WwUPIx4ZKzfZ9PMW+IeyUQ==

"@rolldown/binding-freebsd-x64@1.0.0-rc.11":
  version "1.0.0-rc.11"
  resolved "https://registry.yarnpkg.com/@rolldown/binding-freebsd-x64/-/binding-freebsd-x64-1.0.0-rc.11.tgz#b7582b959398c5871034b94ba0a8ecde0425a8e7"
  integrity sha512-jfsm0ZHfhiqrvWjJAmzsqiIFPz5e7mAoCOPBNTcNgkiid/LaFKiq92+0ojH+nmJmKYkre4t71BWXUZDNp7vsag==

"@rolldown/binding-linux-arm-gnueabihf@1.0.0-rc.11":
  version "1.0.0-rc.11"
  resolved "https://registry.yarnpkg.com/@rolldown/binding-linux-arm-gnueabihf/-/binding-linux-arm-gnueabihf-1.0.0-rc.11.tgz#3b8c5e071d6a0ed1cb1880c1948c6fece553502a"
  integrity sha512-zjQaUtSyq1nVe3nxmlSCuR96T1LPlpvmJ0SZy0WJFEsV4kFbXcq2u68L4E6O0XeFj4aex9bEauqjW8UQBeAvfQ==

"@rolldown/binding-linux-arm64-gnu@1.0.0-rc.11":
  version "1.0.0-rc.11"
  resolved "https://registry.yarnpkg.com/@rolldown/binding-linux-arm64-gnu/-/binding-linux-arm64-gnu-1.0.0-rc.11.tgz#2533165620137b077ae4ede92b752a63cd85cfcb"
  integrity sha512-WMW1yE6IOnehTcFE9eipFkm3XN63zypWlrJQ2iF7NrQ9b2LDRjumFoOGJE8RJJTJCTBAdmLMnJ8uVitACUUo1Q==

"@rolldown/binding-linux-arm64-musl@1.0.0-rc.11":
  version "1.0.0-rc.11"
  resolved "https://registry.yarnpkg.com/@rolldown/binding-linux-arm64-musl/-/binding-linux-arm64-musl-1.0.0-rc.11.tgz#b04cf5b806a012027a4e8b139e0f86b2ff7621c0"
  integrity sha512-jfndI9tsfm4APzjNt6QdBkYwre5lRPUgHeDHoI7ydKUuJvz3lZeCfMsI56BZj+7BYqiKsJm7cfd/6KYV7ubrBg==

"@rolldown/binding-linux-ppc64-gnu@1.0.0-rc.11":
  version "1.0.0-rc.11"
  resolved "https://registry.yarnpkg.com/@rolldown/binding-linux-ppc64-gnu/-/binding-linux-ppc64-gnu-1.0.0-rc.11.tgz#bda9c11fe03482033d5dac6a943802b3e7579550"
  integrity sha512-ZlFgw46NOAGMgcdvdYwAGu2Q+SLFA9LzbJLW+iyMOJyhj5wk6P3KEE9Gct4xWwSzFoPI7JCdYmYMzVtlgQ+zfw==

"@rolldown/binding-linux-s390x-gnu@1.0.0-rc.11":
  version "1.0.0-rc.11"
  resolved "https://registry.yarnpkg.com/@rolldown/binding-linux-s390x-gnu/-/binding-linux-s390x-gnu-1.0.0-rc.11.tgz#55daa2d35f92f62e958fc44e12db1c16e1f271c5"
  integrity sha512-hIOYmuT6ofM4K04XAZd3OzMySEO4K0/nc9+jmNcxNAxRi6c5UWpqfw3KMFV4MVFWL+jQsSh+bGw2VqmaPMTLyw==

"@rolldown/binding-linux-x64-gnu@1.0.0-rc.11":
  version "1.0.0-rc.11"
  resolved "https://registry.yarnpkg.com/@rolldown/binding-linux-x64-gnu/-/binding-linux-x64-gnu-1.0.0-rc.11.tgz#8ca1abf607bbe2f7fdd6f6416192937dc9ea1e54"
  integrity sha512-qXBQQO9OvkjjQPLdUVr7Nr2t3QTZI7s4KZtfw7HzBgjbmAPSFwSv4rmET9lLSgq3rH/ndA3ngv3Qb8l2njoPNA==

"@rolldown/binding-linux-x64-musl@1.0.0-rc.11":
  version "1.0.0-rc.11"
  resolved "https://registry.yarnpkg.com/@rolldown/binding-linux-x64-musl/-/binding-linux-x64-musl-1.0.0-rc.11.tgz#36a52beee8ac97a79d1ed8f1b94fab677e3e4d11"
  integrity sha512-/tpFfoSTzUkH9LPY+cYbqZBDyyX62w5fICq9qzsHLL8uTI6BHip3Q9Uzft0wylk/i8OOwKik8OxW+QAhDmzwmg==

"@rolldown/binding-openharmony-arm64@1.0.0-rc.11":
  version "1.0.0-rc.11"
  resolved "https://registry.yarnpkg.com/@rolldown/binding-openharmony-arm64/-/binding-openharmony-arm64-1.0.0-rc.11.tgz#91c74fd23b3f3f3942fe4b3aefc9428ecbaa55fd"
  integrity sha512-mcp3Rio2w72IvdZG0oQ4bM2c2oumtwHfUfKncUM6zGgz0KgPz4YmDPQfnXEiY5t3+KD/i8HG2rOB/LxdmieK2g==

"@rolldown/binding-wasm32-wasi@1.0.0-rc.11":
  version "1.0.0-rc.11"
  resolved "https://registry.yarnpkg.com/@rolldown/binding-wasm32-wasi/-/binding-wasm32-wasi-1.0.0-rc.11.tgz#6520bafe57ff1cd2fb45f8f22b1cb6d57be44e79"
  integrity sha512-LXk5Hii1Ph9asuGRjBuz8TUxdc1lWzB7nyfdoRgI0WGPZKmCxvlKk8KfYysqtr4MfGElu/f/pEQRh8fcEgkrWw==
  dependencies:
    "@napi-rs/wasm-runtime" "^1.1.1"

"@rolldown/binding-win32-arm64-msvc@1.0.0-rc.11":
  version "1.0.0-rc.11"
  resolved "https://registry.yarnpkg.com/@rolldown/binding-win32-arm64-msvc/-/binding-win32-arm64-msvc-1.0.0-rc.11.tgz#73dd1c4737473c8270b61cd2e42b05a34453ffc0"
  integrity sha512-dDwf5otnx0XgRY1yqxOC4ITizcdzS/8cQ3goOWv3jFAo4F+xQYni+hnMuO6+LssHHdJW7+OCVL3CoU4ycnh35Q==

"@rolldown/binding-win32-x64-msvc@1.0.0-rc.11":
  version "1.0.0-rc.11"
  resolved "https://registry.yarnpkg.com/@rolldown/binding-win32-x64-msvc/-/binding-win32-x64-msvc-1.0.0-rc.11.tgz#4d922aa6dd6bf27c73eba93fec9a0aed62549095"
  integrity sha512-LN4/skhSggybX71ews7dAj6r2geaMJfm3kMbK2KhFMg9B10AZXnKoLCVVgzhMHL0S+aKtr4p8QbAW8k+w95bAA==

"@rolldown/pluginutils@1.0.0-rc.11":
  version "1.0.0-rc.11"
  resolved "https://registry.yarnpkg.com/@rolldown/pluginutils/-/pluginutils-1.0.0-rc.11.tgz#110d8cc72990c4e36a79791eeafe7cca979e00c9"
  integrity sha512-xQO9vbwBecJRv9EUcQ/y0dzSTJgA7Q6UVN7xp6B81+tBGSLVAK03yJ9NkJaUA7JFD91kbjxRSC/mDnmvXzbHoQ==

"@rolldown/pluginutils@1.0.0-rc.7":
  version "1.0.0-rc.7"
  resolved "https://registry.yarnpkg.com/@rolldown/pluginutils/-/pluginutils-1.0.0-rc.7.tgz#0414869467f0e471a6515d4f506c85fde867e022"
  integrity sha512-qujRfC8sFVInYSPPMLQByRh7zhwkGFS4+tyMQ83srV1qrxL4g8E2tyxVVyxd0+8QeBM1mIk9KbWxkegRr76XzA==

"@segment/react-tiny-virtual-list@^2.2.1":
  version "2.2.1"
  resolved "https://registry.yarnpkg.com/@segment/react-tiny-virtual-list/-/react-tiny-virtual-list-2.2.1.tgz#658da8a93cfb83537235c89307818d6f1741aeb3"
  integrity sha512-G01b9DrsQLF+8yFRyyJeZBZkzbFuqILG9C7SFFS+GtTFbjdprkHt0CL0riCPOZfe1ZXiT8z8MaKoWfNhrfUjhQ==
  dependencies:
    prop-types "^15.5.7"

"@testing-library/dom@^10.4.1":
  version "10.4.1"
  resolved "https://registry.yarnpkg.com/@testing-library/dom/-/dom-10.4.1.tgz#d444f8a889e9a46e9a3b4f3b88e0fcb3efb6cf95"
  integrity sha512-o4PXJQidqJl82ckFaXUeoAW+XysPLauYI43Abki5hABd853iMhitooc6znOnczgbTYmEP6U6/y1ZyKAIsvMKGg==
  dependencies:
    "@babel/code-frame" "^7.10.4"
    "@babel/runtime" "^7.12.5"
    "@types/aria-query" "^5.0.1"
    aria-query "5.3.0"
    dom-accessibility-api "^0.5.9"
    lz-string "^1.5.0"
    picocolors "1.1.1"
    pretty-format "^27.0.2"

"@testing-library/jest-dom@^6.9.1":
  version "6.9.1"
  resolved "https://registry.yarnpkg.com/@testing-library/jest-dom/-/jest-dom-6.9.1.tgz#7613a04e146dd2976d24ddf019730d57a89d56c2"
  integrity sha512-zIcONa+hVtVSSep9UT3jZ5rizo2BsxgyDYU7WFD5eICBE7no3881HGeb/QkGfsJs6JTkY1aQhT7rIPC7e+0nnA==
  dependencies:
    "@adobe/css-tools" "^4.4.0"
    aria-query "^5.0.0"
    css.escape "^1.5.1"
    dom-accessibility-api "^0.6.3"
    picocolors "^1.1.1"
    redent "^3.0.0"

"@testing-library/react@^16.3.2":
  version "16.3.2"
  resolved "https://registry.yarnpkg.com/@testing-library/react/-/react-16.3.2.tgz#672883b7acb8e775fc0492d9e9d25e06e89786d0"
  integrity sha512-XU5/SytQM+ykqMnAnvB2umaJNIOsLF3PVv//1Ew4CTcpz0/BRyy/af40qqrt7SjKpDdT1saBMc42CUok5gaw+g==
  dependencies:
    "@babel/runtime" "^7.12.5"

"@testing-library/user-event@^14.5.2":
  version "14.6.1"
  resolved "https://registry.yarnpkg.com/@testing-library/user-event/-/user-event-14.6.1.tgz#13e09a32d7a8b7060fe38304788ebf4197cd2149"
  integrity sha512-vq7fv0rnt+QTXgPxr5Hjc210p6YKq2kmdziLgnsZGgLJ9e6VAShx1pACLuRjd/AS/sr7phAR58OIIpf0LlmQNw==

"@tybys/wasm-util@^0.10.1":
  version "0.10.1"
  resolved "https://registry.yarnpkg.com/@tybys/wasm-util/-/wasm-util-0.10.1.tgz#ecddd3205cf1e2d5274649ff0eedd2991ed7f414"
  integrity sha512-9tTaPJLSiejZKx+Bmog4uSubteqTvFrVrURwkmHixBo0G4seD0zUxp98E1DzUBJxLQ3NPwXrGKDiVjwx/DpPsg==
  dependencies:
    tslib "^2.4.0"

"@types/aria-query@^5.0.1":
  version "5.0.4"
  resolved "https://registry.yarnpkg.com/@types/aria-query/-/aria-query-5.0.4.tgz#1a31c3d378850d2778dabb6374d036dcba4ba708"
  integrity sha512-rfT93uj5s0PRL7EzccGMs3brplhcrghnDoV26NqKhCAS1hVo+WdNsPvE/yb6ilfr5hi2MEk6d5EWJTKdxg8jVw==

"@types/react-dom@^19.2.3":
  version "19.2.3"
  resolved "https://registry.yarnpkg.com/@types/react-dom/-/react-dom-19.2.3.tgz#c1e305d15a52a3e508d54dca770d202cb63abf2c"
  integrity sha512-jp2L/eY6fn+KgVVQAOqYItbF0VY/YApe5Mz2F0aykSO8gx31bYCZyvSeYxCHKvzHG5eZjc+zyaS5BrBWya2+kQ==

"@types/react-transition-group@^4.4.0":
  version "4.4.4"
  resolved "https://registry.yarnpkg.com/@types/react-transition-group/-/react-transition-group-4.4.4.tgz#acd4cceaa2be6b757db61ed7b432e103242d163e"
  integrity sha512-7gAPz7anVK5xzbeQW9wFBDg7G++aPLAFY0QaSMOou9rJZpbuI58WAuJrgu+qR92l61grlnCUe7AFX8KGahAgug==
  dependencies:
    "@types/react" "*"

"@types/react@*", "@types/react@^19.2.14":
  version "19.2.14"
  resolved "https://registry.yarnpkg.com/@types/react/-/react-19.2.14.tgz#39604929b5e3957e3a6fa0001dafb17c7af70bad"
  integrity sha512-ilcTH/UniCkMdtexkoCN0bI7pMcJDvmQFPvuPvmEaYA/NSfFTAgdUSLAoVjaRJm7+6PvcM+q1zYOwS4wTYMF9w==
  dependencies:
    csstype "^3.2.2"

"@vitejs/plugin-react@^6.0.1":
  version "6.0.1"
  resolved "https://registry.yarnpkg.com/@vitejs/plugin-react/-/plugin-react-6.0.1.tgz#d9113b71a0a592714913eafd9e5e63bcafd0ff15"
  integrity sha512-l9X/E3cDb+xY3SWzlG1MOGt2usfEHGMNIaegaUGFsLkb3RCn/k8/TOXBcab+OndDI4TBtktT8/9BwwW8Vi9KUQ==
  dependencies:
    "@rolldown/pluginutils" "1.0.0-rc.7"

ansi-regex@^5.0.1:
  version "5.0.1"
  resolved "https://registry.yarnpkg.com/ansi-regex/-/ansi-regex-5.0.1.tgz#082cb2c89c9fe8659a311a53bd6a4dc5301db304"
  integrity sha512-quJQXlTSUGL2LH9SUXo8VwsY4soanhgo6LNSm84E1LBcE8s3O0wpdiRzyR9z/ZZJMlMWv37qOOb9pdJlMUEKFQ==

ansi-styles@^5.0.0:
  version "5.2.0"
  resolved "https://registry.yarnpkg.com/ansi-styles/-/ansi-styles-5.2.0.tgz#07449690ad45777d1924ac2abb2fc8895dba836b"
  integrity sha512-Cxwpt2SfTzTtXcfOlzGEee8O+c+MmUgGrNiBcXnuWxuFJHe6a5Hz7qwhwe5OgaSYI0IJvkLqWX1ASG+cJOkEiA==

aria-query@5.3.0, aria-query@^5.0.0:
  version "5.3.0"
  resolved "https://registry.yarnpkg.com/aria-query/-/aria-query-5.3.0.tgz#650c569e41ad90b51b3d7df5e5eed1c7549c103e"
  integrity sha512-b0P0sZPKtyu8HkeRAfCq0IfURZK+SuwMjY1UXGBU27wpAiTwQAIlq56IbIO+ytk/JjS1fMR14ee5WBBfKi5J6A==
  dependencies:
    dequal "^2.0.3"

arrify@^1.0.1:
  version "1.0.1"
  resolved "https://registry.yarnpkg.com/arrify/-/arrify-1.0.1.tgz#898508da2226f380df904728456849c1501a4b0d"
  integrity sha1-iYUI2iIm84DfkEcoRWhJwVAaSw0=

compute-scroll-into-view@^1.0.14:
  version "1.0.17"
  resolved "https://registry.yarnpkg.com/compute-scroll-into-view/-/compute-scroll-into-view-1.0.17.tgz#6a88f18acd9d42e9cf4baa6bec7e0522607ab7ab"
  integrity sha512-j4dx+Fb0URmzbwwMUrhqWM2BEWHdFGx+qZ9qqASHRPqvTYdqvWnHg0H1hIbcyLnvgnoNAVMlwkepyqM3DaIFUg==

css-in-js-utils@^2.0.0:
  version "2.0.1"
  resolved "https://registry.yarnpkg.com/css-in-js-utils/-/css-in-js-utils-2.0.1.tgz#3b472b398787291b47cfe3e44fecfdd9e914ba99"
  integrity sha512-PJF0SpJT+WdbVVt0AOYp9C8GnuruRlL/UFW7932nLWmFLQTaWEzTBQEx7/hn4BuV+WON75iAViSUJLiU3PKbpA==
  dependencies:
    hyphenate-style-name "^1.0.2"
    isobject "^3.0.1"

css.escape@^1.5.1:
  version "1.5.1"
  resolved "https://registry.yarnpkg.com/css.escape/-/css.escape-1.5.1.tgz#42e27d4fa04ae32f931a4b4d4191fa9cddee97cb"
  integrity sha1-QuJ9T6BK4y+TGktNQZH6nN3ul8s=

csstype@^3.0.2, csstype@^3.2.2:
  version "3.2.3"
  resolved "https://registry.yarnpkg.com/csstype/-/csstype-3.2.3.tgz#ec48c0f3e993e50648c86da559e2610995cf989a"
  integrity sha512-z1HGKcYy2xA8AGQfwrn0PAy+PB7X/GSj3UVJW9qKyn43xWa+gl5nXmU4qqLMRzWVLFC8KusUX8T/0kCiOYpAIQ==

dequal@^2.0.3:
  version "2.0.3"
  resolved "https://registry.yarnpkg.com/dequal/-/dequal-2.0.3.tgz#2644214f1997d39ed0ee0ece72335490a7ac67be"
  integrity sha512-0je+qPKHEMohvfRTCEo3CrPG6cAzAYgmzKyxRiYSSDkS6eGJdyVJm7WaYA5ECaAD9wLB2T4EEeymA5aFVcYXCA==

detect-libc@^2.0.3:
  version "2.1.2"
  resolved "https://registry.yarnpkg.com/detect-libc/-/detect-libc-2.1.2.tgz#689c5dcdc1900ef5583a4cb9f6d7b473742074ad"
  integrity sha512-Btj2BOOO83o3WyH59e8MgXsxEQVcarkUOpEYrubB0urwnN10yQ364rsiByU11nZlqWYZm05i/of7io4mzihBtQ==

dom-accessibility-api@^0.5.9:
  version "0.5.16"
  resolved "https://registry.yarnpkg.com/dom-accessibility-api/-/dom-accessibility-api-0.5.16.tgz#5a7429e6066eb3664d911e33fb0e45de8eb08453"
  integrity sha512-X7BJ2yElsnOJ30pZF4uIIDfBEVgF4XEBxL9Bxhy6dnrm5hkzqmsWHGTiHqRiITNhMyFLyAiWndIJP7Z1NTteDg==

dom-accessibility-api@^0.6.3:
  version "0.6.3"
  resolved "https://registry.yarnpkg.com/dom-accessibility-api/-/dom-accessibility-api-0.6.3.tgz#993e925cc1d73f2c662e7d75dd5a5445259a8fd8"
  integrity sha512-7ZgogeTnjuHbo+ct10G9Ffp0mif17idi0IyWNVA/wcwcm7NPOD/WEHVP3n7n3MhXqxoIYm8d6MuZohYWIZ4T3w==

dom-helpers@^5.0.1:
  version "5.2.1"
  resolved "https://registry.yarnpkg.com/dom-helpers/-/dom-helpers-5.2.1.tgz#d9400536b2bf8225ad98fe052e029451ac40e902"
  integrity sha512-nRCa7CK3VTrM2NmGkIy4cbK7IZlgBE/PYMn55rrXefr5xXDP0LdtfPnblFDoVdcAfslJ7or6iqAUnx0CCGIWQA==
  dependencies:
    "@babel/runtime" "^7.8.7"
    csstype "^3.0.2"

downshift@^5.2.0:
  version "5.4.7"
  resolved "https://registry.yarnpkg.com/downshift/-/downshift-5.4.7.tgz#2ab7b0512cad33011ee6f29630f9a7bb74dff2b5"
  integrity sha512-xaH0RNqwJ5pAsyk9qBmR9XJWmg1OOWMfrhzYv0NH2NjJxn77S3zBcfClw341UfhGyKg5v+qVqg/CQzvAgBNCXQ==
  dependencies:
    "@babel/runtime" "^7.10.2"
    compute-scroll-into-view "^1.0.14"
    prop-types "^15.7.2"
    react-is "^16.13.1"

evergreen-ui@^7.1.9:
  version "7.1.9"
  resolved "https://registry.yarnpkg.com/evergreen-ui/-/evergreen-ui-7.1.9.tgz#1d967fa62098c0bf5801d94260a725551bcc964b"
  integrity sha512-/2ltUobNMDRfjteUwG6Xbb2N27DgaNCq4gOipPcmU6Z1w6xL3NLTGLKW28hqAcwvxHADr4ExkXMOP8Uu/szefg==
  dependencies:
    "@babel/runtime" "^7.1.2"
    "@segment/react-tiny-virtual-list" "^2.2.1"
    "@types/react-transition-group" "^4.4.0"
    arrify "^1.0.1"
    downshift "^5.2.0"
    fuzzaldrin-plus "^0.6.0"
    humanize-plus "^1.8.2"
    lodash.debounce "^4.0.8"
    lodash.differencewith "^4.5.0"
    lodash.isempty "^4.4.0"
    lodash.merge "^4.6.2"
    lodash.omit "^4.5.0"
    lodash.uniqby "^4.7.0"
    prop-types "^15.6.2"
    react-fast-compare "^3.2.0"
    react-transition-group "^4.4.1"
    ui-box "^5.4.1"

fdir@^6.5.0:
  version "6.5.0"
  resolved "https://registry.yarnpkg.com/fdir/-/fdir-6.5.0.tgz#ed2ab967a331ade62f18d077dae192684d50d350"
  integrity sha512-tIbYtZbucOs0BRGqPJkshJUYdL+SDH7dVM8gjy+ERp3WAUjLEFJE+02kanyHtwjWOnwrKYBiwAmM0p4kLJAnXg==

fsevents@~2.3.3:
  version "2.3.3"
  resolved "https://registry.yarnpkg.com/fsevents/-/fsevents-2.3.3.tgz#cac6407785d03675a2a5e1a5305c697b347d90d6"
  integrity sha512-5xoDfX+fL7faATnagmWPpbFtwh/R77WmMMqqHGS65C3vvB0YHrgF+B1YmZ3441tMj5n63k0212XNoJwzlhffQw==

fuzzaldrin-plus@^0.6.0:
  version "0.6.0"
  resolved "https://registry.yarnpkg.com/fuzzaldrin-plus/-/fuzzaldrin-plus-0.6.0.tgz#832f6489fbe876769459599c914a670ec22947ee"
  integrity sha1-gy9kifvodnaUWVmckUpnDsIpR+4=

html-parse-stringify@^3.0.1:
  version "3.0.1"
  resolved "https://registry.yarnpkg.com/html-parse-stringify/-/html-parse-stringify-3.0.1.tgz#dfc1017347ce9f77c8141a507f233040c59c55d2"
  integrity sha512-KknJ50kTInJ7qIScF3jeaFRpMpE8/lfiTdzf/twXyPBLAGrLRTmkz3AdTnKeh40X8k9L2fdYwEp/42WGXIRGcg==
  dependencies:
    void-elements "3.1.0"

humanize-plus@^1.8.2:
  version "1.8.2"
  resolved "https://registry.yarnpkg.com/humanize-plus/-/humanize-plus-1.8.2.tgz#a65b34459ad6367adbb3707a82a3c9f916167030"
  integrity sha1-pls0RZrWNnrbs3B6gqPJ+RYWcDA=

hyphenate-style-name@^1.0.2:
  version "1.0.4"
  resolved "https://registry.yarnpkg.com/hyphenate-style-name/-/hyphenate-style-name-1.0.4.tgz#691879af8e220aea5750e8827db4ef62a54e361d"
  integrity sha512-ygGZLjmXfPHj+ZWh6LwbC37l43MhfztxetbFCoYTM2VjkIUpeHgSNn7QIyVFj7YQ1Wl9Cbw5sholVJPzWvC2MQ==

i18next-browser-languagedetector@^8.2.1:
  version "8.2.1"
  resolved "https://registry.yarnpkg.com/i18next-browser-languagedetector/-/i18next-browser-languagedetector-8.2.1.tgz#f17a918d376a97aa12a5b63fd8ea559a6231935b"
  integrity sha512-bZg8+4bdmaOiApD7N7BPT9W8MLZG+nPTOFlLiJiT8uzKXFjhxw4v2ierCXOwB5sFDMtuA5G4kgYZ0AznZxQ/cw==
  dependencies:
    "@babel/runtime" "^7.23.2"

i18next@^25.10.9:
  version "25.10.9"
  resolved "https://registry.yarnpkg.com/i18next/-/i18next-25.10.9.tgz#ecc1397a05cd69a479ac672348b9c2df153f984f"
  integrity sha512-hQY9/bFoQKGlSKMlaCuLR8w1h5JjieqrsnZvEmj1Ja6Ec7fbyc4cTrCsY9mb9Sd8YQ/swsrKz1S9M8AcvVI70w==
  dependencies:
    "@babel/runtime" "^7.29.2"

indent-string@^4.0.0:
  version "4.0.0"
  resolved "https://registry.yarnpkg.com/indent-string/-/indent-string-4.0.0.tgz#624f8f4497d619b2d9768531d58f4122854d7251"
  integrity sha512-EdDDZu4A2OyIK7Lr/2zG+w5jmbuk1DVBnEwREQvBzspBJkCEbRa8GxU1lghYcaGJCnRWibjDXlq779X1/y5xwg==

inline-style-prefixer@^5.0.4:
  version "5.1.2"
  resolved "https://registry.yarnpkg.com/inline-style-prefixer/-/inline-style-prefixer-5.1.2.tgz#e5a5a3515e25600e016b71e39138971228486c33"
  integrity sha512-PYUF+94gDfhy+LsQxM0g3d6Hge4l1pAqOSOiZuHWzMvQEGsbRQ/ck2WioLqrY2ZkHyPgVUXxn+hrkF7D6QUGbA==
  dependencies:
    css-in-js-utils "^2.0.0"

isobject@^3.0.1:
  version "3.0.1"
  resolved "https://registry.yarnpkg.com/isobject/-/isobject-3.0.1.tgz#4e431e92b11a9731636aa1f9c8d1ccbcfdab78df"
  integrity sha1-TkMekrEalzFjaqH5yNHMvP2reN8=

"js-tokens@^3.0.0 || ^4.0.0", js-tokens@^4.0.0:
  version "4.0.0"
  resolved "https://registry.yarnpkg.com/js-tokens/-/js-tokens-4.0.0.tgz#19203fb59991df98e3a287050d4647cdeaf32499"
  integrity sha512-RdJUflcE3cUzKiMqQgsCu06FPu9UdIJO0beYbPhHN4k6apgJtifcoCtT9bcxOpYBtpD2kCM6Sbzg4CausW/PKQ==

lightningcss-android-arm64@1.32.0:
  version "1.32.0"
  resolved "https://registry.yarnpkg.com/lightningcss-android-arm64/-/lightningcss-android-arm64-1.32.0.tgz#f033885116dfefd9c6f54787523e3514b61e1968"
  integrity sha512-YK7/ClTt4kAK0vo6w3X+Pnm0D2cf2vPHbhOXdoNti1Ga0al1P4TBZhwjATvjNwLEBCnKvjJc2jQgHXH0NEwlAg==

lightningcss-darwin-arm64@1.32.0:
  version "1.32.0"
  resolved "https://registry.yarnpkg.com/lightningcss-darwin-arm64/-/lightningcss-darwin-arm64-1.32.0.tgz#50b71871b01c8199584b649e292547faea7af9b5"
  integrity sha512-RzeG9Ju5bag2Bv1/lwlVJvBE3q6TtXskdZLLCyfg5pt+HLz9BqlICO7LZM7VHNTTn/5PRhHFBSjk5lc4cmscPQ==

lightningcss-darwin-x64@1.32.0:
  version "1.32.0"
  resolved "https://registry.yarnpkg.com/lightningcss-darwin-x64/-/lightningcss-darwin-x64-1.32.0.tgz#35f3e97332d130b9ca181e11b568ded6aebc6d5e"
  integrity sha512-U+QsBp2m/s2wqpUYT/6wnlagdZbtZdndSmut/NJqlCcMLTWp5muCrID+K5UJ6jqD2BFshejCYXniPDbNh73V8w==

lightningcss-freebsd-x64@1.32.0:
  version "1.32.0"
  resolved "https://registry.yarnpkg.com/lightningcss-freebsd-x64/-/lightningcss-freebsd-x64-1.32.0.tgz#9777a76472b64ed6ff94342ad64c7bafd794a575"
  integrity sha512-JCTigedEksZk3tHTTthnMdVfGf61Fky8Ji2E4YjUTEQX14xiy/lTzXnu1vwiZe3bYe0q+SpsSH/CTeDXK6WHig==

lightningcss-linux-arm-gnueabihf@1.32.0:
  version "1.32.0"
  resolved "https://registry.yarnpkg.com/lightningcss-linux-arm-gnueabihf/-/lightningcss-linux-arm-gnueabihf-1.32.0.tgz#13ae652e1ab73b9135d7b7da172f666c410ad53d"
  integrity sha512-x6rnnpRa2GL0zQOkt6rts3YDPzduLpWvwAF6EMhXFVZXD4tPrBkEFqzGowzCsIWsPjqSK+tyNEODUBXeeVHSkw==

lightningcss-linux-arm64-gnu@1.32.0:
  version "1.32.0"
  resolved "https://registry.yarnpkg.com/lightningcss-linux-arm64-gnu/-/lightningcss-linux-arm64-gnu-1.32.0.tgz#417858795a94592f680123a1b1f9da8a0e1ef335"
  integrity sha512-0nnMyoyOLRJXfbMOilaSRcLH3Jw5z9HDNGfT/gwCPgaDjnx0i8w7vBzFLFR1f6CMLKF8gVbebmkUN3fa/kQJpQ==

lightningcss-linux-arm64-musl@1.32.0:
  version "1.32.0"
  resolved "https://registry.yarnpkg.com/lightningcss-linux-arm64-musl/-/lightningcss-linux-arm64-musl-1.32.0.tgz#6be36692e810b718040802fd809623cffe732133"
  integrity sha512-UpQkoenr4UJEzgVIYpI80lDFvRmPVg6oqboNHfoH4CQIfNA+HOrZ7Mo7KZP02dC6LjghPQJeBsvXhJod/wnIBg==

lightningcss-linux-x64-gnu@1.32.0:
  version "1.32.0"
  resolved "https://registry.yarnpkg.com/lightningcss-linux-x64-gnu/-/lightningcss-linux-x64-gnu-1.32.0.tgz#0b7803af4eb21cfd38dd39fe2abbb53c7dd091f6"
  integrity sha512-V7Qr52IhZmdKPVr+Vtw8o+WLsQJYCTd8loIfpDaMRWGUZfBOYEJeyJIkqGIDMZPwPx24pUMfwSxxI8phr/MbOA==

lightningcss-linux-x64-musl@1.32.0:
  version "1.32.0"
  resolved "https://registry.yarnpkg.com/lightningcss-linux-x64-musl/-/lightningcss-linux-x64-musl-1.32.0.tgz#88dc8ba865ddddb1ac5ef04b0f161804418c163b"
  integrity sha512-bYcLp+Vb0awsiXg/80uCRezCYHNg1/l3mt0gzHnWV9XP1W5sKa5/TCdGWaR/zBM2PeF/HbsQv/j2URNOiVuxWg==

lightningcss-win32-arm64-msvc@1.32.0:
  version "1.32.0"
  resolved "https://registry.yarnpkg.com/lightningcss-win32-arm64-msvc/-/lightningcss-win32-arm64-msvc-1.32.0.tgz#4f30ba3fa5e925f5b79f945e8cc0d176c3b1ab38"
  integrity sha512-8SbC8BR40pS6baCM8sbtYDSwEVQd4JlFTOlaD3gWGHfThTcABnNDBda6eTZeqbofalIJhFx0qKzgHJmcPTnGdw==

lightningcss-win32-x64-msvc@1.32.0:
  version "1.32.0"
  resolved "https://registry.yarnpkg.com/lightningcss-win32-x64-msvc/-/lightningcss-win32-x64-msvc-1.32.0.tgz#141aa5605645064928902bb4af045fa7d9f4220a"
  integrity sha512-Amq9B/SoZYdDi1kFrojnoqPLxYhQ4Wo5XiL8EVJrVsB8ARoC1PWW6VGtT0WKCemjy8aC+louJnjS7U18x3b06Q==

lightningcss@^1.32.0:
  version "1.32.0"
  resolved "https://registry.yarnpkg.com/lightningcss/-/lightningcss-1.32.0.tgz#b85aae96486dcb1bf49a7c8571221273f4f1e4a9"
  integrity sha512-NXYBzinNrblfraPGyrbPoD19C1h9lfI/1mzgWYvXUTe414Gz/X1FD2XBZSZM7rRTrMA8JL3OtAaGifrIKhQ5yQ==
  dependencies:
    detect-libc "^2.0.3"
  optionalDependencies:
    lightningcss-android-arm64 "1.32.0"
    lightningcss-darwin-arm64 "1.32.0"
    lightningcss-darwin-x64 "1.32.0"
    lightningcss-freebsd-x64 "1.32.0"
    lightningcss-linux-arm-gnueabihf "1.32.0"
    lightningcss-linux-arm64-gnu "1.32.0"
    lightningcss-linux-arm64-musl "1.32.0"
    lightningcss-linux-x64-gnu "1.32.0"
    lightningcss-linux-x64-musl "1.32.0"
    lightningcss-win32-arm64-msvc "1.32.0"
    lightningcss-win32-x64-msvc "1.32.0"

lodash.debounce@^4.0.8:
  version "4.0.8"
  resolved "https://registry.yarnpkg.com/lodash.debounce/-/lodash.debounce-4.0.8.tgz#82d79bff30a67c4005ffd5e2515300ad9ca4d7af"
  integrity sha1-gteb/zCmfEAF/9XiUVMArZyk168=

lodash.differencewith@^4.5.0:
  version "4.5.0"
  resolved "https://registry.yarnpkg.com/lodash.differencewith/-/lodash.differencewith-4.5.0.tgz#bafafbc918b55154e179176a00bb0aefaac854b7"
  integrity sha1-uvr7yRi1UVTheRdqALsK76rIVLc=

lodash.isempty@^4.4.0:
  version "4.4.0"
  resolved "https://registry.yarnpkg.com/lodash.isempty/-/lodash.isempty-4.4.0.tgz#6f86cbedd8be4ec987be9aaf33c9684db1b31e7e"
  integrity sha1-b4bL7di+TsmHvpqvM8loTbGzHn4=

lodash.merge@^4.6.2:
  version "4.6.2"
  resolved "https://registry.yarnpkg.com/lodash.merge/-/lodash.merge-4.6.2.tgz#558aa53b43b661e1925a0afdfa36a9a1085fe57a"
  integrity sha512-0KpjqXRVvrYyCsX1swR/XTK0va6VQkQM6MNo7PqW77ByjAhoARA8EfrP1N4+KlKj8YS0ZUCtRT/YUuhyYDujIQ==

lodash.omit@^4.5.0:
  version "4.5.0"
  resolved "https://registry.yarnpkg.com/lodash.omit/-/lodash.omit-4.5.0.tgz#6eb19ae5a1ee1dd9df0b969e66ce0b7fa30b5e60"
  integrity sha512-XeqSp49hNGmlkj2EJlfrQFIzQ6lXdNro9sddtQzcJY8QaoC2GO0DT7xaIokHeyM+mIT0mPMlPvkYzg2xCuHdZg==

lodash.uniqby@^4.7.0:
  version "4.7.0"
  resolved "https://registry.yarnpkg.com/lodash.uniqby/-/lodash.uniqby-4.7.0.tgz#d99c07a669e9e6d24e1362dfe266c67616af1302"
  integrity sha1-2ZwHpmnp5tJOE2Lf4mbGdhavEwI=

loose-envify@^1.4.0:
  version "1.4.0"
  resolved "https://registry.yarnpkg.com/loose-envify/-/loose-envify-1.4.0.tgz#71ee51fa7be4caec1a63839f7e682d8132d30caf"
  integrity sha512-lyuxPGr/Wfhrlem2CL/UcnUc1zcqKAImBDzukY7Y5F/yQiNdko6+fRLevlw1HgMySw7f611UIY408EtxRSoK3Q==
  dependencies:
    js-tokens "^3.0.0 || ^4.0.0"

lz-string@^1.5.0:
  version "1.5.0"
  resolved "https://registry.yarnpkg.com/lz-string/-/lz-string-1.5.0.tgz#c1ab50f77887b712621201ba9fd4e3a6ed099941"
  integrity sha512-h5bgJWpxJNswbU7qCrV0tIKQCaS3blPDrqKWx+QxzuzL1zGUzij9XCWLrSLsJPu5t+eWA/ycetzYAO5IOMcWAQ==

min-indent@^1.0.0:
  version "1.0.1"
  resolved "https://registry.yarnpkg.com/min-indent/-/min-indent-1.0.1.tgz#a63f681673b30571fbe8bc25686ae746eefa9869"
  integrity sha512-I9jwMn07Sy/IwOj3zVkVik2JTvgpaykDZEigL6Rx6N9LbMywwUSMtxET+7lVoDLLd3O3IXwJwvuuns8UB/HeAg==

nanoid@^3.3.11:
  version "3.3.11"
  resolved "https://registry.yarnpkg.com/nanoid/-/nanoid-3.3.11.tgz#4f4f112cefbe303202f2199838128936266d185b"
  integrity sha512-N8SpfPUnUp1bK+PMYW8qSWdl9U+wwNWI4QKxOYDy9JAro3WMX7p2OeVRF9v+347pnakNevPmiHhNmZ2HbFA76w==

object-assign@^4.1.1:
  version "4.1.1"
  resolved "https://registry.yarnpkg.com/object-assign/-/object-assign-4.1.1.tgz#2109adc7965887cfc05cbbd442cac8bfbb360863"
  integrity sha1-IQmtx5ZYh8/AXLvUQsrIv7s2CGM=

picocolors@1.1.1, picocolors@^1.1.1:
  version "1.1.1"
  resolved "https://registry.yarnpkg.com/picocolors/-/picocolors-1.1.1.tgz#3d321af3eab939b083c8f929a1d12cda81c26b6b"
  integrity sha512-xceH2snhtb5M9liqDsmEw56le376mTZkEX/jEb/RxNFyegNul7eNslCXP9FDj/Lcu0X8KEyMceP2ntpaHrDEVA==

picomatch@^4.0.3:
  version "4.0.3"
  resolved "https://registry.yarnpkg.com/picomatch/-/picomatch-4.0.3.tgz#796c76136d1eead715db1e7bad785dedd695a042"
  integrity sha512-5gTmgEY/sqK6gFXLIsQNH19lWb4ebPDLA4SdLP7dsWkIXHWlG66oPuVvXSGFPppYZz8ZDZq0dYYrbHfBCVUb1Q==

postcss@^8.5.8:
  version "8.5.8"
  resolved "https://registry.yarnpkg.com/postcss/-/postcss-8.5.8.tgz#6230ecc8fb02e7a0f6982e53990937857e13f399"
  integrity sha512-OW/rX8O/jXnm82Ey1k44pObPtdblfiuWnrd8X7GJ7emImCOstunGbXUpp7HdBrFQX6rJzn3sPT397Wp5aCwCHg==
  dependencies:
    nanoid "^3.3.11"
    picocolors "^1.1.1"
    source-map-js "^1.2.1"

pretty-format@^27.0.2:
  version "27.5.1"
  resolved "https://registry.yarnpkg.com/pretty-format/-/pretty-format-27.5.1.tgz#2181879fdea51a7a5851fb39d920faa63f01d88e"
  integrity sha512-Qb1gy5OrP5+zDf2Bvnzdl3jsTf1qXVMazbvCoKhtKqVs4/YK4ozX4gKQJJVyNe+cajNPn0KoC0MC3FUmaHWEmQ==
  dependencies:
    ansi-regex "^5.0.1"
    ansi-styles "^5.0.0"
    react-is "^17.0.1"

prop-types@^15.5.7, prop-types@^15.6.2, prop-types@^15.7.2:
  version "15.8.1"
  resolved "https://registry.yarnpkg.com/prop-types/-/prop-types-15.8.1.tgz#67d87bf1a694f48435cf332c24af10214a3140b5"
  integrity sha512-oj87CgZICdulUohogVAR7AjlC0327U4el4L6eAvOqCeudMDVU0NThNaV+b9Df4dXgSP1gXMTnPdhfe/2qDH5cg==
  dependencies:
    loose-envify "^1.4.0"
    object-assign "^4.1.1"
    react-is "^16.13.1"

qrcode.react@^4.2.0:
  version "4.2.0"
  resolved "https://registry.yarnpkg.com/qrcode.react/-/qrcode.react-4.2.0.tgz#1bce8363f348197d145c0da640929a24c83cbca3"
  integrity sha512-QpgqWi8rD9DsS9EP3z7BT+5lY5SFhsqGjpgW5DY/i3mK4M9DTBNz3ErMi8BWYEfI3L0d8GIbGmcdFAS1uIRGjA==

react-dom@^19.2.4:
  version "19.2.4"
  resolved "https://registry.yarnpkg.com/react-dom/-/react-dom-19.2.4.tgz#6fac6bd96f7db477d966c7ec17c1a2b1ad8e6591"
  integrity sha512-AXJdLo8kgMbimY95O2aKQqsz2iWi9jMgKJhRBAxECE4IFxfcazB2LmzloIoibJI3C12IlY20+KFaLv+71bUJeQ==
  dependencies:
    scheduler "^0.27.0"

react-fast-compare@^3.2.0:
  version "3.2.0"
  resolved "https://registry.yarnpkg.com/react-fast-compare/-/react-fast-compare-3.2.0.tgz#641a9da81b6a6320f270e89724fb45a0b39e43bb"
  integrity sha512-rtGImPZ0YyLrscKI9xTpV8psd6I8VAtjKCzQDlzyDvqJA8XOW78TXYQwNRNd8g8JZnDu8q9Fu/1v4HPAVwVdHA==

react-i18next@^16.6.2:
  version "16.6.2"
  resolved "https://registry.yarnpkg.com/react-i18next/-/react-i18next-16.6.2.tgz#74e670813c4f85de2af59a5f40079e731edd4c6a"
  integrity sha512-/S/GPzElTqEi5o2kzd0/O2627hPDmE6OGhJCCwCfUaQ3syyu+kaYH8/PYFtZeWc25NzfxTN/2fD1QjvrTgrFfA==
  dependencies:
    "@babel/runtime" "^7.29.2"
    html-parse-stringify "^3.0.1"
    use-sync-external-store "^1.6.0"

react-is@^16.13.1:
  version "16.13.1"
  resolved "https://registry.yarnpkg.com/react-is/-/react-is-16.13.1.tgz#789729a4dc36de2999dc156dd6c1d9c18cea56a4"
  integrity sha512-24e6ynE2H+OKt4kqsOvNd8kBpV65zoxbA4BVsEOB3ARVWQki/DHzaUoC5KuON/BiccDaCCTZBuOcfZs70kR8bQ==

react-is@^17.0.1:
  version "17.0.2"
  resolved "https://registry.yarnpkg.com/react-is/-/react-is-17.0.2.tgz#e691d4a8e9c789365655539ab372762b0efb54f0"
  integrity sha512-w2GsyukL62IJnlaff/nRegPQR94C/XXamvMWmSHRJ4y7Ts/4ocGRmTHvOs8PSE6pB3dWOrD/nueuU5sduBsQ4w==

react-is@^19.2.4:
  version "19.2.4"
  resolved "https://registry.yarnpkg.com/react-is/-/react-is-19.2.4.tgz#a080758243c572ccd4a63386537654298c99d135"
  integrity sha512-W+EWGn2v0ApPKgKKCy/7s7WHXkboGcsrXE+2joLyVxkbyVQfO3MUEaUQDHoSmb8TFFrSKYa9mw64WZHNHSDzYA==

react-transition-group@^4.4.1:
  version "4.4.2"
  resolved "https://registry.yarnpkg.com/react-transition-group/-/react-transition-group-4.4.2.tgz#8b59a56f09ced7b55cbd53c36768b922890d5470"
  integrity sha512-/RNYfRAMlZwDSr6z4zNKV6xu53/e2BuaBbGhbyYIXTrmgu/bGHzmqOs7mJSJBHy9Ud+ApHx3QjrkKSp1pxvlFg==
  dependencies:
    "@babel/runtime" "^7.5.5"
    dom-helpers "^5.0.1"
    loose-envify "^1.4.0"
    prop-types "^15.6.2"

react@^19.2.4:
  version "19.2.4"
  resolved "https://registry.yarnpkg.com/react/-/react-19.2.4.tgz#438e57baa19b77cb23aab516cf635cd0579ee09a"
  integrity sha512-9nfp2hYpCwOjAN+8TZFGhtWEwgvWHXqESH8qT89AT/lWklpLON22Lc8pEtnpsZz7VmawabSU0gCjnj8aC0euHQ==

redent@^3.0.0:
  version "3.0.0"
  resolved "https://registry.yarnpkg.com/redent/-/redent-3.0.0.tgz#e557b7998316bb53c9f1f56fa626352c6963059f"
  integrity sha512-6tDA8g98We0zd0GvVeMT9arEOnTw9qM03L9cJXaCjrip1OO764RDBLBfrB4cwzNGDj5OA5ioymC9GkizgWJDUg==
  dependencies:
    indent-string "^4.0.0"
    strip-indent "^3.0.0"

rolldown@1.0.0-rc.11:
  version "1.0.0-rc.11"
  resolved "https://registry.yarnpkg.com/rolldown/-/rolldown-1.0.0-rc.11.tgz#6eaf091b1bbb5ed92e5302171a3d59f0d026d9c0"
  integrity sha512-NRjoKMusSjfRbSYiH3VSumlkgFe7kYAa3pzVOsVYVFY3zb5d7nS+a3KGQ7hJKXuYWbzJKPVQ9Wxq2UvyK+ENpw==
  dependencies:
    "@oxc-project/types" "=0.122.0"
    "@rolldown/pluginutils" "1.0.0-rc.11"
  optionalDependencies:
    "@rolldown/binding-android-arm64" "1.0.0-rc.11"
    "@rolldown/binding-darwin-arm64" "1.0.0-rc.11"
    "@rolldown/binding-darwin-x64" "1.0.0-rc.11"
    "@rolldown/binding-freebsd-x64" "1.0.0-rc.11"
    "@rolldown/binding-linux-arm-gnueabihf" "1.0.0-rc.11"
    "@rolldown/binding-linux-arm64-gnu" "1.0.0-rc.11"
    "@rolldown/binding-linux-arm64-musl" "1.0.0-rc.11"
    "@rolldown/binding-linux-ppc64-gnu" "1.0.0-rc.11"
    "@rolldown/binding-linux-s390x-gnu" "1.0.0-rc.11"
    "@rolldown/binding-linux-x64-gnu" "1.0.0-rc.11"
    "@rolldown/binding-linux-x64-musl" "1.0.0-rc.11"
    "@rolldown/binding-openharmony-arm64" "1.0.0-rc.11"
    "@rolldown/binding-wasm32-wasi" "1.0.0-rc.11"
    "@rolldown/binding-win32-arm64-msvc" "1.0.0-rc.11"
    "@rolldown/binding-win32-x64-msvc" "1.0.0-rc.11"

scheduler@^0.27.0:
  version "0.27.0"
  resolved "https://registry.yarnpkg.com/scheduler/-/scheduler-0.27.0.tgz#0c4ef82d67d1e5c1e359e8fc76d3a87f045fe5bd"
  integrity sha512-eNv+WrVbKu1f3vbYJT/xtiF5syA5HPIMtf9IgY/nKg0sWqzAUEvqY/xm7OcZc/qafLx/iO9FgOmeSAp4v5ti/Q==

source-map-js@^1.2.1:
  version "1.2.1"
  resolved "https://registry.yarnpkg.com/source-map-js/-/source-map-js-1.2.1.tgz#1ce5650fddd87abc099eda37dcff024c2667ae46"
  integrity sha512-UXWMKhLOwVKb728IUtQPXxfYU+usdybtUrK/8uGE8CQMvrhOpwvzDBwj0QhSL7MQc7vIsISBG8VQ8+IDQxpfQA==

strip-indent@^3.0.0:
  version "3.0.0"
  resolved "https://registry.yarnpkg.com/strip-indent/-/strip-indent-3.0.0.tgz#c32e1cee940b6b3432c771bc2c54bcce73cd3001"
  integrity sha512-laJTa3Jb+VQpaC6DseHhF7dXVqHTfJPCRDaEbid/drOhgitgYku/letMUqOXFoWV0zIIUbjpdH2t+tYj4bQMRQ==
  dependencies:
    min-indent "^1.0.0"

tinyglobby@^0.2.15:
  version "0.2.15"
  resolved "https://registry.yarnpkg.com/tinyglobby/-/tinyglobby-0.2.15.tgz#e228dd1e638cea993d2fdb4fcd2d4602a79951c2"
  integrity sha512-j2Zq4NyQYG5XMST4cbs02Ak8iJUdxRM0XI5QyxXuZOzKOINmWurp3smXu3y5wDcJrptwpSjgXHzIQxR0omXljQ==
  dependencies:
    fdir "^6.5.0"
    picomatch "^4.0.3"

tslib@^2.4.0:
  version "2.8.1"
  resolved "https://registry.yarnpkg.com/tslib/-/tslib-2.8.1.tgz#612efe4ed235d567e8aba5f2a5fab70280ade83f"
  integrity sha512-oJFu94HQb+KVduSUQL7wnpmqnfmLsOA/nAh6b6EH0wCEoK0/mPeXU6c3wKDV83MkOuHPRHtSXKKU99IBazS/2w==

typescript@^6.0.2:
  version "6.0.2"
  resolved "https://registry.yarnpkg.com/typescript/-/typescript-6.0.2.tgz#0b1bfb15f68c64b97032f3d78abbf98bdbba501f"
  integrity sha512-bGdAIrZ0wiGDo5l8c++HWtbaNCWTS4UTv7RaTH/ThVIgjkveJt83m74bBHMJkuCbslY8ixgLBVZJIOiQlQTjfQ==

ui-box@^5.4.1:
  version "5.4.1"
  resolved "https://registry.yarnpkg.com/ui-box/-/ui-box-5.4.1.tgz#34f497a143783a3513e850bd58379ac583e3f2fb"
  integrity sha512-5p+b6kSh1q/bptvLANuAusyB/3fGIvnw8w6rSZNPHckQ8UdPfjIK4DvinmMXRKgdniOba22h8ypVqtkJ9zK/iQ==
  dependencies:
    "@emotion/hash" "^0.7.1"
    inline-style-prefixer "^5.0.4"
    prop-types "^15.7.2"

use-sync-external-store@^1.6.0:
  version "1.6.0"
  resolved "https://registry.yarnpkg.com/use-sync-external-store/-/use-sync-external-store-1.6.0.tgz#b174bfa65cb2b526732d9f2ac0a408027876f32d"
  integrity sha512-Pp6GSwGP/NrPIrxVFAIkOQeyw8lFenOHijQWkUTrDvrF4ALqylP2C/KCkeS9dpUM3KvYRQhna5vt7IL95+ZQ9w==

vite@^8.0.2:
  version "8.0.2"
  resolved "https://registry.yarnpkg.com/vite/-/vite-8.0.2.tgz#fcee428eb0ad3d4aa9843d7f7ba981679bbe5edc"
  integrity sha512-1gFhNi+bHhRE/qKZOJXACm6tX4bA3Isy9KuKF15AgSRuRazNBOJfdDemPBU16/mpMxApDPrWvZ08DcLPEoRnuA==
  dependencies:
    lightningcss "^1.32.0"
    picomatch "^4.0.3"
    postcss "^8.5.8"
    rolldown "1.0.0-rc.11"
    tinyglobby "^0.2.15"
  optionalDependencies:
    fsevents "~2.3.3"

void-elements@3.1.0:
  version "3.1.0"
  resolved "https://registry.yarnpkg.com/void-elements/-/void-elements-3.1.0.tgz#614f7fbf8d801f0bb5f0661f5b2f5785750e4f09"
  integrity sha1-YU9/v42AHwu18GYfWy9XhXUOTwk=
